
Microsoft Visual Studio Solution File, Format Version 12.00
# Visual Studio Version 16
VisualStudioVersion = 16.0.29009.5
MinimumVisualStudioVersion = 10.0.40219.1
Project("{9A19103F-16F7-4668-BE54-9A1E7A4F7556}") = "Bayeux", "Bayeux\Bayeux.csproj", "{DD783023-F1F4-4E33-A9D6-5D48DFD600FC}"
EndProject
Project("{9A19103F-16F7-4668-BE54-9A1E7A4F7556}") = "Bayeux.Sandbox", "Bayeux.Sandbox\Bayeux.Sandbox.csproj", "{62C6064D-B277-4D1E-9D2D-6B90C58398CB}"
EndProject
Global
	GlobalSection(SolutionConfigurationPlatforms) = preSolution
		Debug|Any CPU = Debug|Any CPU
		Debug|x64 = Debug|x64
		Debug|x86 = Debug|x86
		Release|Any CPU = Release|Any CPU
		Release|x64 = Release|x64
		Release|x86 = Release|x86
	EndGlobalSection
	GlobalSection(ProjectConfigurationPlatforms) = postSolution
		{DD783023-F1F4-4E33-A9D6-5D48DFD600FC}.Debug|Any CPU.ActiveCfg = Debug|Any CPU
		{DD783023-F1F4-4E33-A9D6-5D48DFD600FC}.Debug|Any CPU.Build.0 = Debug|Any CPU
		{DD783023-F1F4-4E33-A9D6-5D48DFD600FC}.Debug|x64.ActiveCfg = Debug|Any CPU
		{DD783023-F1F4-4E33-A9D6-5D48DFD600FC}.Debug|x64.Build.0 = Debug|Any CPU
		{DD783023-F1F4-4E33-A9D6-5D48DFD600FC}.Debug|x86.ActiveCfg = Debug|Any CPU
		{DD783023-F1F4-4E33-A9D6-5D48DFD600FC}.Debug|x86.Build.0 = Debug|Any CPU
		{DD783023-F1F4-4E33-A9D6-5D48DFD600FC}.Release|Any CPU.ActiveCfg = Release|Any CPU
		{DD783023-F1F4-4E33-A9D6-5D48DFD600FC}.Release|Any CPU.Build.0 = Release|Any CPU
		{DD783023-F1F4-4E33-A9D6-5D48DFD600FC}.Release|x64.ActiveCfg = Release|Any CPU
		{DD783023-F1F4-4E33-A9D6-5D48DFD600FC}.Release|x64.Build.0 = Release|Any CPU
		{DD783023-F1F4-4E33-A9D6-5D48DFD600FC}.Release|x86.ActiveCfg = Release|Any CPU
		{DD783023-F1F4-4E33-A9D6-5D48DFD600FC}.Release|x86.Build.0 = Release|Any CPU
		{62C6064D-B277-4D1E-9D2D-6B90C58398CB}.Debug|Any CPU.ActiveCfg = Debug|Any CPU
		{62C6064D-B277-4D1E-9D2D-6B90C58398CB}.Debug|Any CPU.Build.0 = Debug|Any CPU
		{62C6064D-B277-4D1E-9D2D-6B90C58398CB}.Debug|x64.ActiveCfg = Debug|Any CPU
		{62C6064D-B277-4D1E-9D2D-6B90C58398CB}.Debug|x64.Build.0 = Debug|Any CPU
		{62C6064D-B277-4D1E-9D2D-6B90C58398CB}.Debug|x86.ActiveCfg = Debug|Any CPU
		{62C6064D-B277-4D1E-9D2D-6B90C58398CB}.Debug|x86.Build.0 = Debug|Any CPU
		{62C6064D-B277-4D1E-9D2D-6B90C58398CB}.Release|Any CPU.ActiveCfg = Release|Any CPU
		{62C6064D-B277-4D1E-9D2D-6B90C58398CB}.Release|Any CPU.Build.0 = Release|Any CPU
		{62C6064D-B277-4D1E-9D2D-6B90C58398CB}.Release|x64.ActiveCfg = Release|Any CPU
		{62C6064D-B277-4D1E-9D2D-6B90C58398CB}.Release|x64.Build.0 = Release|Any CPU
		{62C6064D-B277-4D1E-9D2D-6B90C58398CB}.Release|x86.ActiveCfg = Release|Any CPU
		{62C6064D-B277-4D1E-9D2D-6B90C58398CB}.Release|x86.Build.0 = Release|Any CPU
	EndGlobalSection
	GlobalSection(SolutionProperties) = preSolution
		HideSolutionNode = FALSE
	EndGlobalSection
	GlobalSection(ExtensibilityGlobals) = postSolution
		SolutionGuid = {F60319F6-6AD2-4E08-BAC6-1C94C6AD000C}
	EndGlobalSection
EndGlobal
